<?xml version="1.0" encoding="utf-8"?>
<Project ToolsVersion="4.0" xmlns="http://schemas.microsoft.com/developer/msbuild/2003">
  <ItemGroup>
    <Filter Include="src">
      <UniqueIdentifier>{2DAB880B-99B4-887C-2230-9F7C8E38947C}</UniqueIdentifier>
    </Filter>
    <Filter Include="src\Humzer">
      <UniqueIdentifier>{F757B415-E30F-F662-4C17-CFBE38EE9053}</UniqueIdentifier>
    </Filter>
    <Filter Include="src\Humzer\Core">
      <UniqueIdentifier>{AF0EA6FA-1B9A-13BF-24AB-96B390B56FBF}</UniqueIdentifier>
    </Filter>
    <Filter Include="src\Humzer\Events">
      <UniqueIdentifier>{FB878641-679E-84D7-B015-10F91C6B555F}</UniqueIdentifier>
    </Filter>
    <Filter Include="src\Humzer\ImGui">
      <UniqueIdentifier>{61AAD24F-4DA3-F1A1-76D5-D626622DD1AD}</UniqueIdentifier>
    </Filter>
    <Filter Include="src\Humzer\Platform">
      <UniqueIdentifier>{2B7A66D9-97DB-43E7-2049-8A998CA97AA6}</UniqueIdentifier>
    </Filter>
    <Filter Include="src\Humzer\Platform\OpenGL">
      <UniqueIdentifier>{FFA4847B-EBB4-304C-546E-956A409D1FE5}</UniqueIdentifier>
    </Filter>
    <Filter Include="src\Humzer\Platform\Windows">
      <UniqueIdentifier>{651F3544-D12C-632A-5A13-5F15C61F2FE1}</UniqueIdentifier>
    </Filter>
    <Filter Include="src\Humzer\Renderer">
      <UniqueIdentifier>{7D8143B4-E9E2-20C2-7250-6774DEB05781}</UniqueIdentifier>
    </Filter>
    <Filter Include="src\Humzer\Scene">
      <UniqueIdentifier>{54A28250-409B-A1A2-69CD-8627552581AE}</UniqueIdentifier>
    </Filter>
    <Filter Include="vendor">
      <UniqueIdentifier>{B3738122-9F15-ACF8-88D0-BF4C74113349}</UniqueIdentifier>
    </Filter>
    <Filter Include="vendor\stb_image">
      <UniqueIdentifier>{0DA0BA59-F998-D9AB-22CB-BE300E23B9B7}</UniqueIdentifier>
    </Filter>
  </ItemGroup>
  <ItemGroup>
    <ClInclude Include="src\Humzer\Core\Application.h">
      <Filter>src\Humzer\Core</Filter>
    </ClInclude>
    <ClInclude Include="src\Humzer\Core\Core.h">
      <Filter>src\Humzer\Core</Filter>
    </ClInclude>
    <ClInclude Include="src\Humzer\Core\EntryPoint.h">
      <Filter>src\Humzer\Core</Filter>
    </ClInclude>
    <ClInclude Include="src\Humzer\Core\Input.h">
      <Filter>src\Humzer\Core</Filter>
    </ClInclude>
    <ClInclude Include="src\Humzer\Core\KeyCodes.h">
      <Filter>src\Humzer\Core</Filter>
    </ClInclude>
    <ClInclude Include="src\Humzer\Core\Log.h">
      <Filter>src\Humzer\Core</Filter>
    </ClInclude>
    <ClInclude Include="src\Humzer\Core\MouseCodes.h">
      <Filter>src\Humzer\Core</Filter>
    </ClInclude>
    <ClInclude Include="src\Humzer\Core\Timestep.h">
      <Filter>src\Humzer\Core</Filter>
    </ClInclude>
    <ClInclude Include="src\Humzer\Core\Window.h">
      <Filter>src\Humzer\Core</Filter>
    </ClInclude>
    <ClInclude Include="src\Humzer\Events\Dispatcher.h">
      <Filter>src\Humzer\Events</Filter>
    </ClInclude>
    <ClInclude Include="src\Humzer\Events\Events.h">
      <Filter>src\Humzer\Events</Filter>
    </ClInclude>
    <ClInclude Include="src\Humzer\Events\Subscriber.h">
      <Filter>src\Humzer\Events</Filter>
    </ClInclude>
    <ClInclude Include="src\Humzer\Humzer.h">
      <Filter>src\Humzer</Filter>
    </ClInclude>
    <ClInclude Include="src\Humzer\ImGui\ImGuiRuntime.h">
      <Filter>src\Humzer\ImGui</Filter>
    </ClInclude>
    <ClInclude Include="src\Humzer\Platform\OpenGL\OpenGLBuffer.h">
      <Filter>src\Humzer\Platform\OpenGL</Filter>
    </ClInclude>
    <ClInclude Include="src\Humzer\Platform\OpenGL\OpenGLFramebuffer.h">
      <Filter>src\Humzer\Platform\OpenGL</Filter>
    </ClInclude>
    <ClInclude Include="src\Humzer\Platform\OpenGL\OpenGLRendererAPI.h">
      <Filter>src\Humzer\Platform\OpenGL</Filter>
    </ClInclude>
    <ClInclude Include="src\Humzer\Platform\OpenGL\OpenGLShader.h">
      <Filter>src\Humzer\Platform\OpenGL</Filter>
    </ClInclude>
    <ClInclude Include="src\Humzer\Platform\OpenGL\OpenGLTexture.h">
      <Filter>src\Humzer\Platform\OpenGL</Filter>
    </ClInclude>
    <ClInclude Include="src\Humzer\Platform\OpenGL\OpenGLVertexArray.h">
      <Filter>src\Humzer\Platform\OpenGL</Filter>
    </ClInclude>
    <ClInclude Include="src\Humzer\Platform\OpenGL\OpenglContext.h">
      <Filter>src\Humzer\Platform\OpenGL</Filter>
    </ClInclude>
    <ClInclude Include="src\Humzer\Platform\Windows\WindowsWindow.h">
      <Filter>src\Humzer\Platform\Windows</Filter>
    </ClInclude>
    <ClInclude Include="src\Humzer\Renderer\Buffer.h">
      <Filter>src\Humzer\Renderer</Filter>
    </ClInclude>
    <ClInclude Include="src\Humzer\Renderer\Camera.h">
      <Filter>src\Humzer\Renderer</Filter>
    </ClInclude>
    <ClInclude Include="src\Humzer\Renderer\Framebuffer.h">
      <Filter>src\Humzer\Renderer</Filter>
    </ClInclude>
    <ClInclude Include="src\Humzer\Renderer\GraphicsContext.h">
      <Filter>src\Humzer\Renderer</Filter>
    </ClInclude>
    <ClInclude Include="src\Humzer\Renderer\Mesh.h">
      <Filter>src\Humzer\Renderer</Filter>
    </ClInclude>
    <ClInclude Include="src\Humzer\Renderer\PrimitiveData.h">
      <Filter>src\Humzer\Renderer</Filter>
    </ClInclude>
    <ClInclude Include="src\Humzer\Renderer\RenderCommand.h">
      <Filter>src\Humzer\Renderer</Filter>
    </ClInclude>
    <ClInclude Include="src\Humzer\Renderer\Renderer.h">
      <Filter>src\Humzer\Renderer</Filter>
    </ClInclude>
    <ClInclude Include="src\Humzer\Renderer\RendererAPI.h">
      <Filter>src\Humzer\Renderer</Filter>
    </ClInclude>
    <ClInclude Include="src\Humzer\Renderer\Shader.h">
      <Filter>src\Humzer\Renderer</Filter>
    </ClInclude>
    <ClInclude Include="src\Humzer\Renderer\Texture.h">
      <Filter>src\Humzer\Renderer</Filter>
    </ClInclude>
    <ClInclude Include="src\Humzer\Renderer\VertexArray.h">
      <Filter>src\Humzer\Renderer</Filter>
    </ClInclude>
    <ClInclude Include="src\Humzer\Scene\Components.h">
      <Filter>src\Humzer\Scene</Filter>
    </ClInclude>
    <ClInclude Include="src\Humzer\Scene\Entity.h">
      <Filter>src\Humzer\Scene</Filter>
    </ClInclude>
    <ClInclude Include="src\Humzer\Scene\Scene.h">
      <Filter>src\Humzer\Scene</Filter>
    </ClInclude>
    <ClInclude Include="src\Humzer\Scene\SceneSerializer.h">
      <Filter>src\Humzer\Scene</Filter>
    </ClInclude>
    <ClInclude Include="src\humpch.h">
      <Filter>src</Filter>
    </ClInclude>
    <ClInclude Include="src\Humzer\Platform\PlatformUtils.h" />
  </ItemGroup>
  <ItemGroup>
    <ClCompile Include="src\Humzer\Core\Application.cpp">
      <Filter>src\Humzer\Core</Filter>
    </ClCompile>
    <ClCompile Include="src\Humzer\Core\Log.cpp">
      <Filter>src\Humzer\Core</Filter>
    </ClCompile>
    <ClCompile Include="src\Humzer\Events\Dispatcher.cpp">
      <Filter>src\Humzer\Events</Filter>
    </ClCompile>
    <ClCompile Include="src\Humzer\Events\Subscriber.cpp">
      <Filter>src\Humzer\Events</Filter>
    </ClCompile>
    <ClCompile Include="src\Humzer\ImGui\ImGuiBuild.cpp">
      <Filter>src\Humzer\ImGui</Filter>
    </ClCompile>
    <ClCompile Include="src\Humzer\ImGui\ImGuiRuntime.cpp">
      <Filter>src\Humzer\ImGui</Filter>
    </ClCompile>
    <ClCompile Include="src\Humzer\Platform\OpenGL\OpenGLBuffer.cpp">
      <Filter>src\Humzer\Platform\OpenGL</Filter>
    </ClCompile>
    <ClCompile Include="src\Humzer\Platform\OpenGL\OpenGLFramebuffer.cpp">
      <Filter>src\Humzer\Platform\OpenGL</Filter>
    </ClCompile>
    <ClCompile Include="src\Humzer\Platform\OpenGL\OpenGLRendererAPI.cpp">
      <Filter>src\Humzer\Platform\OpenGL</Filter>
    </ClCompile>
    <ClCompile Include="src\Humzer\Platform\OpenGL\OpenGLShader.cpp">
      <Filter>src\Humzer\Platform\OpenGL</Filter>
    </ClCompile>
    <ClCompile Include="src\Humzer\Platform\OpenGL\OpenGLTexture.cpp">
      <Filter>src\Humzer\Platform\OpenGL</Filter>
    </ClCompile>
    <ClCompile Include="src\Humzer\Platform\OpenGL\OpenGLVertexArray.cpp">
      <Filter>src\Humzer\Platform\OpenGL</Filter>
    </ClCompile>
    <ClCompile Include="src\Humzer\Platform\OpenGL\OpenglContext.cpp">
      <Filter>src\Humzer\Platform\OpenGL</Filter>
    </ClCompile>
    <ClCompile Include="src\Humzer\Platform\Windows\WindowsInput.cpp">
      <Filter>src\Humzer\Platform\Windows</Filter>
    </ClCompile>
    <ClCompile Include="src\Humzer\Platform\Windows\WindowsWindow.cpp">
      <Filter>src\Humzer\Platform\Windows</Filter>
    </ClCompile>
    <ClCompile Include="src\Humzer\Renderer\Buffer.cpp">
      <Filter>src\Humzer\Renderer</Filter>
    </ClCompile>
    <ClCompile Include="src\Humzer\Renderer\Camera.cpp">
      <Filter>src\Humzer\Renderer</Filter>
    </ClCompile>
    <ClCompile Include="src\Humzer\Renderer\Framebuffer.cpp">
      <Filter>src\Humzer\Renderer</Filter>
    </ClCompile>
    <ClCompile Include="src\Humzer\Renderer\Mesh.cpp">
      <Filter>src\Humzer\Renderer</Filter>
    </ClCompile>
    <ClCompile Include="src\Humzer\Renderer\PrimitiveData.cpp">
      <Filter>src\Humzer\Renderer</Filter>
    </ClCompile>
    <ClCompile Include="src\Humzer\Renderer\RenderCommand.cpp">
      <Filter>src\Humzer\Renderer</Filter>
    </ClCompile>
    <ClCompile Include="src\Humzer\Renderer\Renderer.cpp">
      <Filter>src\Humzer\Renderer</Filter>
    </ClCompile>
    <ClCompile Include="src\Humzer\Renderer\RendererAPI.cpp">
      <Filter>src\Humzer\Renderer</Filter>
    </ClCompile>
    <ClCompile Include="src\Humzer\Renderer\Shader.cpp">
      <Filter>src\Humzer\Renderer</Filter>
    </ClCompile>
    <ClCompile Include="src\Humzer\Renderer\Texture.cpp">
      <Filter>src\Humzer\Renderer</Filter>
    </ClCompile>
    <ClCompile Include="src\Humzer\Renderer\VertexArray.cpp">
      <Filter>src\Humzer\Renderer</Filter>
    </ClCompile>
    <ClCompile Include="src\Humzer\Scene\Entity.cpp">
      <Filter>src\Humzer\Scene</Filter>
    </ClCompile>
    <ClCompile Include="src\Humzer\Scene\Scene.cpp">
      <Filter>src\Humzer\Scene</Filter>
    </ClCompile>
    <ClCompile Include="src\Humzer\Scene\SceneSerializer.cpp">
      <Filter>src\Humzer\Scene</Filter>
    </ClCompile>
    <ClCompile Include="src\humpch.cpp">
      <Filter>src</Filter>
    </ClCompile>
    <ClCompile Include="vendor\stb_image\stb_image.cpp">
      <Filter>vendor\stb_image</Filter>
    </ClCompile>
    <ClCompile Include="src\Humzer\Platform\Windows\WindowsPlatformUtils.cpp" />
  </ItemGroup>
</Project>