<?xml version="1.0" encoding="utf-8"?>
<Project ToolsVersion="4.0" xmlns="http://schemas.microsoft.com/developer/msbuild/2003">
  <ItemGroup>
    <Filter Include="Humzer">
      <UniqueIdentifier>{C07E55B8-AC20-808E-95DB-93E2811C07DF}</UniqueIdentifier>
    </Filter>
    <Filter Include="Humzer\Core">
      <UniqueIdentifier>{18DBCBE2-8490-44D8-0D85-3EAF79393BDC}</UniqueIdentifier>
    </Filter>
    <Filter Include="Humzer\Platform">
      <UniqueIdentifier>{1453FEBE-80DE-6B83-89EF-EE77F5F9C783}</UniqueIdentifier>
    </Filter>
    <Filter Include="Humzer\Platform\Windows">
      <UniqueIdentifier>{4ED167D5-BA08-B06C-C312-14902FC9D665}</UniqueIdentifier>
    </Filter>
  </ItemGroup>
  <ItemGroup>
    <ClInclude Include="src\Humzer\Core\Application.h">
      <Filter>Humzer\Core</Filter>
    </ClInclude>
    <ClInclude Include="src\Humzer\Core\Core.h">
      <Filter>Humzer\Core</Filter>
    </ClInclude>
    <ClInclude Include="src\Humzer\Core\EntryPoint.h">
      <Filter>Humzer\Core</Filter>
    </ClInclude>
    <ClInclude Include="src\Humzer\Core\Log.h">
      <Filter>Humzer\Core</Filter>
    </ClInclude>
    <ClInclude Include="src\Humzer\Core\Window.h">
      <Filter>Humzer\Core</Filter>
    </ClInclude>
    <ClInclude Include="src\Humzer\Humzer.h">
      <Filter>Humzer</Filter>
    </ClInclude>
    <ClInclude Include="src\Humzer\Platform\Windows\WindowsWindow.h">
      <Filter>Humzer\Platform\Windows</Filter>
    </ClInclude>
    <ClInclude Include="src\humpch.h" />
  </ItemGroup>
  <ItemGroup>
    <ClCompile Include="src\Humzer\Core\Application.cpp">
      <Filter>Humzer\Core</Filter>
    </ClCompile>
    <ClCompile Include="src\Humzer\Core\Log.cpp">
      <Filter>Humzer\Core</Filter>
    </ClCompile>
    <ClCompile Include="src\Humzer\Platform\Windows\WindowsWindow.cpp">
      <Filter>Humzer\Platform\Windows</Filter>
    </ClCompile>
    <ClCompile Include="src\humpch.cpp" />
  </ItemGroup>
</Project>